
Microsoft Visual Studio Solution File, Format Version 11.00
# Visual C# Express 2010
Project("{FAE04EC0-301F-11D3-BF4B-00C04F79EFBC}") = "HW5", "HW5\HW5.csproj", "{659C3E21-F3A4-414D-A02C-8E193DFDCBC3}"
EndProject
Global
	GlobalSection(SolutionConfigurationPlatforms) = preSolution
		Debug|x86 = Debug|x86
		Release|x86 = Release|x86
	EndGlobalSection
	GlobalSection(ProjectConfigurationPlatforms) = postSolution
		{659C3E21-F3A4-414D-A02C-8E193DFDCBC3}.Debug|x86.ActiveCfg = Debug|x86
		{659C3E21-F3A4-414D-A02C-8E193DFDCBC3}.Debug|x86.Build.0 = Debug|x86
		{659C3E21-F3A4-414D-A02C-8E193DFDCBC3}.Release|x86.ActiveCfg = Release|x86
		{659C3E21-F3A4-414D-A02C-8E193DFDCBC3}.Release|x86.Build.0 = Release|x86
	EndGlobalSection
	GlobalSection(SolutionProperties) = preSolution
		HideSolutionNode = FALSE
	EndGlobalSection
EndGlobal
