
Microsoft Visual Studio Solution File, Format Version 11.00
# Visual Studio 2010
Project("{FAE04EC0-301F-11D3-BF4B-00C04F79EFBC}") = "Lesson5_HW_1", "Lesson5_HW_1\Lesson5_HW_1.csproj", "{5B531B67-7FB2-45A7-AD5D-0BEB01E00890}"
EndProject
Global
	GlobalSection(SolutionConfigurationPlatforms) = preSolution
		Debug|x86 = Debug|x86
		Release|x86 = Release|x86
	EndGlobalSection
	GlobalSection(ProjectConfigurationPlatforms) = postSolution
		{5B531B67-7FB2-45A7-AD5D-0BEB01E00890}.Debug|x86.ActiveCfg = Debug|x86
		{5B531B67-7FB2-45A7-AD5D-0BEB01E00890}.Debug|x86.Build.0 = Debug|x86
		{5B531B67-7FB2-45A7-AD5D-0BEB01E00890}.Release|x86.ActiveCfg = Release|x86
		{5B531B67-7FB2-45A7-AD5D-0BEB01E00890}.Release|x86.Build.0 = Release|x86
	EndGlobalSection
	GlobalSection(SolutionProperties) = preSolution
		HideSolutionNode = FALSE
	EndGlobalSection
EndGlobal
